Microsoft Visual Studio Solution File, Format Version 12.00
# Visual Studio 17
VisualStudioVersion = 17.2.32630.192
MinimumVisualStudioVersion = 10.0.40219.1
Project("{FAE04EC0-301F-11D3-BF4B-00C04F79EFBC}") = "SKS", "SKS.csproj", "{12FFCE2C-CC44-46E8-B3AD-57E1B3406B62}"
EndProject
Project("{FAE04EC0-301F-11D3-BF4B-00C04F79EFBC}") = "Stubs", "Stubs\Stubs.csproj", "{D85524E2-748A-4582-848D-AB96F24EC830}"
EndProject
Global
	GlobalSection(SolutionConfigurationPlatforms) = preSolution
		Debug|Any CPU = Debug|Any CPU
		Debug|Mixed Platforms = Debug|Mixed Platforms
		Release|Any CPU = Release|Any CPU
		Release|Mixed Platforms = Release|Mixed Platforms
	EndGlobalSection
	GlobalSection(ProjectConfigurationPlatforms) = postSolution
		{12FFCE2C-CC44-46E8-B3AD-57E1B3406B62}.Debug|Any CPU.ActiveCfg = Debug|Any CPU
		{12FFCE2C-CC44-46E8-B3AD-57E1B3406B62}.Debug|Any CPU.Build.0 = Debug|Any CPU
		{12FFCE2C-CC44-46E8-B3AD-57E1B3406B62}.Debug|Mixed Platforms.ActiveCfg = Debug|Any CPU
		{12FFCE2C-CC44-46E8-B3AD-57E1B3406B62}.Debug|Mixed Platforms.Build.0 = Debug|Any CPU
		{12FFCE2C-CC44-46E8-B3AD-57E1B3406B62}.Release|Any CPU.ActiveCfg = Release|Any CPU
		{12FFCE2C-CC44-46E8-B3AD-57E1B3406B62}.Release|Any CPU.Build.0 = Release|Any CPU
		{12FFCE2C-CC44-46E8-B3AD-57E1B3406B62}.Release|Mixed Platforms.ActiveCfg = Release|Any CPU
		{12FFCE2C-CC44-46E8-B3AD-57E1B3406B62}.Release|Mixed Platforms.Build.0 = Release|Any CPU
		{D85524E2-748A-4582-848D-AB96F24EC830}.Debug|Any CPU.ActiveCfg = Debug|Any CPU
		{D85524E2-748A-4582-848D-AB96F24EC830}.Debug|Any CPU.Build.0 = Debug|Any CPU
		{D85524E2-748A-4582-848D-AB96F24EC830}.Debug|Mixed Platforms.ActiveCfg = Debug|Any CPU
		{D85524E2-748A-4582-848D-AB96F24EC830}.Debug|Mixed Platforms.Build.0 = Debug|Any CPU
		{D85524E2-748A-4582-848D-AB96F24EC830}.Release|Any CPU.ActiveCfg = Release|Any CPU
		{D85524E2-748A-4582-848D-AB96F24EC830}.Release|Any CPU.Build.0 = Release|Any CPU
		{D85524E2-748A-4582-848D-AB96F24EC830}.Release|Mixed Platforms.ActiveCfg = Release|Any CPU
		{D85524E2-748A-4582-848D-AB96F24EC830}.Release|Mixed Platforms.Build.0 = Release|Any CPU
	EndGlobalSection
	GlobalSection(SolutionProperties) = preSolution
		HideSolutionNode = FALSE
	EndGlobalSection
	GlobalSection(ExtensibilityGlobals) = postSolution
        SolutionGuid = {fa349944-4274-424f-a3b9-f16f9e97a851}
	EndGlobalSection
EndGlobal
